
Microsoft Visual Studio Solution File, Format Version 12.00
# Visual Studio 15
VisualStudioVersion = 15.0.28307.106
MinimumVisualStudioVersion = 10.0.40219.1
Project("{FAE04EC0-301F-11D3-BF4B-00C04F79EFBC}") = "SlovenskiKino", "SlovenskiKino\SlovenskiKino.csproj", "{0366C79A-A738-42A7-BCA0-F63263D41638}"
EndProject
Global
	GlobalSection(SolutionConfigurationPlatforms) = preSolution
		Debug|Any CPU = Debug|Any CPU
		Release|Any CPU = Release|Any CPU
	EndGlobalSection
	GlobalSection(ProjectConfigurationPlatforms) = postSolution
		{0366C79A-A738-42A7-BCA0-F63263D41638}.Debug|Any CPU.ActiveCfg = Debug|Any CPU
		{0366C79A-A738-42A7-BCA0-F63263D41638}.Debug|Any CPU.Build.0 = Debug|Any CPU
		{0366C79A-A738-42A7-BCA0-F63263D41638}.Release|Any CPU.ActiveCfg = Release|Any CPU
		{0366C79A-A738-42A7-BCA0-F63263D41638}.Release|Any CPU.Build.0 = Release|Any CPU
	EndGlobalSection
	GlobalSection(SolutionProperties) = preSolution
		HideSolutionNode = FALSE
	EndGlobalSection
	GlobalSection(ExtensibilityGlobals) = postSolution
		SolutionGuid = {C3A12C12-9DD9-41BE-8676-FBB5D64FDB66}
	EndGlobalSection
EndGlobal
